
Microsoft Visual Studio Solution File, Format Version 12.00
# Visual Studio Version 16
VisualStudioVersion = 16.0.30323.103
MinimumVisualStudioVersion = 10.0.40219.1
Project("{FAE04EC0-301F-11D3-BF4B-00C04F79EFBC}") = "RLDiffViewer", "RLDiffViewer.csproj", "{DAE1034C-7E67-41BE-8303-7D1C64A36201}"
EndProject
Global
	GlobalSection(SolutionConfigurationPlatforms) = preSolution
		Debug|Any CPU = Debug|Any CPU
		Release|Any CPU = Release|Any CPU
	EndGlobalSection
	GlobalSection(ProjectConfigurationPlatforms) = postSolution
		{DAE1034C-7E67-41BE-8303-7D1C64A36201}.Debug|Any CPU.ActiveCfg = Debug|Any CPU
		{DAE1034C-7E67-41BE-8303-7D1C64A36201}.Debug|Any CPU.Build.0 = Debug|Any CPU
		{DAE1034C-7E67-41BE-8303-7D1C64A36201}.Release|Any CPU.ActiveCfg = Release|Any CPU
		{DAE1034C-7E67-41BE-8303-7D1C64A36201}.Release|Any CPU.Build.0 = Release|Any CPU
	EndGlobalSection
	GlobalSection(SolutionProperties) = preSolution
		HideSolutionNode = FALSE
	EndGlobalSection
	GlobalSection(ExtensibilityGlobals) = postSolution
		SolutionGuid = {E5909863-776B-4F0C-89E8-D7110F107A02}
	EndGlobalSection
EndGlobal
