
Microsoft Visual Studio Solution File, Format Version 12.00
# Visual Studio Version 17
VisualStudioVersion = 17.0.31612.314
MinimumVisualStudioVersion = 10.0.40219.1
Project("{9A19103F-16F7-4668-BE54-9A1E7A4F7556}") = "IRExplorerUI", "IRExplorerUI\IRExplorerUI.csproj", "{23169CA2-2157-4978-A8AF-CF360540F467}"
EndProject
Project("{2150E333-8FDC-42A3-9474-1A3956D46DE8}") = "Clients", "Clients", "{11DEE166-9224-42F9-92C6-A6447A90C31B}"
EndProject
Project("{2150E333-8FDC-42A3-9474-1A3956D46DE8}") = "External", "External", "{9A2F89BD-58B1-4E31-A0CF-F4D3AFB3F02B}"
EndProject
Project("{9A19103F-16F7-4668-BE54-9A1E7A4F7556}") = "TreeListView", "external\TreeListView\TreeListView.csproj", "{D64FF95C-C555-458B-BCB9-3AD41AF95084}"
EndProject
Project("{9A19103F-16F7-4668-BE54-9A1E7A4F7556}") = "GrpcLib", "ClientServer\GrpcLib.csproj", "{D96DF738-CE6B-4037-8449-4DA6C5169108}"
EndProject
Project("{9A19103F-16F7-4668-BE54-9A1E7A4F7556}") = "IRExplorerCore", "IRExplorerCore\IRExplorerCore.csproj", "{F73AD42A-5BD3-45B7-B915-7584F4588F55}"
EndProject
Project("{FAE04EC0-301F-11D3-BF4B-00C04F79EFBC}") = "IRExplorerExtension", "VSExtension\IRExplorerExtension.csproj", "{DF5E31FD-A162-4053-B7C6-50C196CF60E3}"
EndProject
Global
	GlobalSection(SolutionConfigurationPlatforms) = preSolution
		Debug|Any CPU = Debug|Any CPU
		Debug|ARM64 = Debug|ARM64
		Debug|x64 = Debug|x64
		Debug|x86 = Debug|x86
		Release|Any CPU = Release|Any CPU
		Release|ARM64 = Release|ARM64
		Release|x64 = Release|x64
		Release|x86 = Release|x86
	EndGlobalSection
	GlobalSection(ProjectConfigurationPlatforms) = postSolution
		{23169CA2-2157-4978-A8AF-CF360540F467}.Debug|Any CPU.ActiveCfg = Debug|Any CPU
		{23169CA2-2157-4978-A8AF-CF360540F467}.Debug|Any CPU.Build.0 = Debug|Any CPU
		{23169CA2-2157-4978-A8AF-CF360540F467}.Debug|ARM64.ActiveCfg = Debug|ARM64
		{23169CA2-2157-4978-A8AF-CF360540F467}.Debug|ARM64.Build.0 = Debug|ARM64
		{23169CA2-2157-4978-A8AF-CF360540F467}.Debug|x64.ActiveCfg = Debug|Any CPU
		{23169CA2-2157-4978-A8AF-CF360540F467}.Debug|x64.Build.0 = Debug|Any CPU
		{23169CA2-2157-4978-A8AF-CF360540F467}.Debug|x86.ActiveCfg = Debug|Any CPU
		{23169CA2-2157-4978-A8AF-CF360540F467}.Debug|x86.Build.0 = Debug|Any CPU
		{23169CA2-2157-4978-A8AF-CF360540F467}.Release|Any CPU.ActiveCfg = Release|Any CPU
		{23169CA2-2157-4978-A8AF-CF360540F467}.Release|Any CPU.Build.0 = Release|Any CPU
		{23169CA2-2157-4978-A8AF-CF360540F467}.Release|ARM64.ActiveCfg = Release|ARM64
		{23169CA2-2157-4978-A8AF-CF360540F467}.Release|ARM64.Build.0 = Release|ARM64
		{23169CA2-2157-4978-A8AF-CF360540F467}.Release|x64.ActiveCfg = Release|Any CPU
		{23169CA2-2157-4978-A8AF-CF360540F467}.Release|x64.Build.0 = Release|Any CPU
		{23169CA2-2157-4978-A8AF-CF360540F467}.Release|x86.ActiveCfg = Release|Any CPU
		{23169CA2-2157-4978-A8AF-CF360540F467}.Release|x86.Build.0 = Release|Any CPU
		{D64FF95C-C555-458B-BCB9-3AD41AF95084}.Debug|Any CPU.ActiveCfg = Debug|Any CPU
		{D64FF95C-C555-458B-BCB9-3AD41AF95084}.Debug|Any CPU.Build.0 = Debug|Any CPU
		{D64FF95C-C555-458B-BCB9-3AD41AF95084}.Debug|ARM64.ActiveCfg = Debug|ARM64
		{D64FF95C-C555-458B-BCB9-3AD41AF95084}.Debug|ARM64.Build.0 = Debug|ARM64
		{D64FF95C-C555-458B-BCB9-3AD41AF95084}.Debug|x64.ActiveCfg = Debug|Any CPU
		{D64FF95C-C555-458B-BCB9-3AD41AF95084}.Debug|x64.Build.0 = Debug|Any CPU
		{D64FF95C-C555-458B-BCB9-3AD41AF95084}.Debug|x86.ActiveCfg = Debug|Any CPU
		{D64FF95C-C555-458B-BCB9-3AD41AF95084}.Debug|x86.Build.0 = Debug|Any CPU
		{D64FF95C-C555-458B-BCB9-3AD41AF95084}.Release|Any CPU.ActiveCfg = Release|Any CPU
		{D64FF95C-C555-458B-BCB9-3AD41AF95084}.Release|Any CPU.Build.0 = Release|Any CPU
		{D64FF95C-C555-458B-BCB9-3AD41AF95084}.Release|ARM64.ActiveCfg = Release|ARM64
		{D64FF95C-C555-458B-BCB9-3AD41AF95084}.Release|ARM64.Build.0 = Release|ARM64
		{D64FF95C-C555-458B-BCB9-3AD41AF95084}.Release|x64.ActiveCfg = Release|Any CPU
		{D64FF95C-C555-458B-BCB9-3AD41AF95084}.Release|x64.Build.0 = Release|Any CPU
		{D64FF95C-C555-458B-BCB9-3AD41AF95084}.Release|x86.ActiveCfg = Release|Any CPU
		{D64FF95C-C555-458B-BCB9-3AD41AF95084}.Release|x86.Build.0 = Release|Any CPU
		{D96DF738-CE6B-4037-8449-4DA6C5169108}.Debug|Any CPU.ActiveCfg = Debug|Any CPU
		{D96DF738-CE6B-4037-8449-4DA6C5169108}.Debug|Any CPU.Build.0 = Debug|Any CPU
		{D96DF738-CE6B-4037-8449-4DA6C5169108}.Debug|ARM64.ActiveCfg = Debug|Any CPU
		{D96DF738-CE6B-4037-8449-4DA6C5169108}.Debug|ARM64.Build.0 = Debug|Any CPU
		{D96DF738-CE6B-4037-8449-4DA6C5169108}.Debug|x64.ActiveCfg = Debug|Any CPU
		{D96DF738-CE6B-4037-8449-4DA6C5169108}.Debug|x64.Build.0 = Debug|Any CPU
		{D96DF738-CE6B-4037-8449-4DA6C5169108}.Debug|x86.ActiveCfg = Debug|Any CPU
		{D96DF738-CE6B-4037-8449-4DA6C5169108}.Debug|x86.Build.0 = Debug|Any CPU
		{D96DF738-CE6B-4037-8449-4DA6C5169108}.Release|Any CPU.ActiveCfg = Release|Any CPU
		{D96DF738-CE6B-4037-8449-4DA6C5169108}.Release|Any CPU.Build.0 = Release|Any CPU
		{D96DF738-CE6B-4037-8449-4DA6C5169108}.Release|ARM64.ActiveCfg = Release|Any CPU
		{D96DF738-CE6B-4037-8449-4DA6C5169108}.Release|ARM64.Build.0 = Release|Any CPU
		{D96DF738-CE6B-4037-8449-4DA6C5169108}.Release|x64.ActiveCfg = Release|Any CPU
		{D96DF738-CE6B-4037-8449-4DA6C5169108}.Release|x64.Build.0 = Release|Any CPU
		{D96DF738-CE6B-4037-8449-4DA6C5169108}.Release|x86.ActiveCfg = Release|Any CPU
		{D96DF738-CE6B-4037-8449-4DA6C5169108}.Release|x86.Build.0 = Release|Any CPU
		{F73AD42A-5BD3-45B7-B915-7584F4588F55}.Debug|Any CPU.ActiveCfg = Debug|Any CPU
		{F73AD42A-5BD3-45B7-B915-7584F4588F55}.Debug|Any CPU.Build.0 = Debug|Any CPU
		{F73AD42A-5BD3-45B7-B915-7584F4588F55}.Debug|ARM64.ActiveCfg = Debug|Any CPU
		{F73AD42A-5BD3-45B7-B915-7584F4588F55}.Debug|ARM64.Build.0 = Debug|Any CPU
		{F73AD42A-5BD3-45B7-B915-7584F4588F55}.Debug|x64.ActiveCfg = Debug|Any CPU
		{F73AD42A-5BD3-45B7-B915-7584F4588F55}.Debug|x64.Build.0 = Debug|Any CPU
		{F73AD42A-5BD3-45B7-B915-7584F4588F55}.Debug|x86.ActiveCfg = Debug|Any CPU
		{F73AD42A-5BD3-45B7-B915-7584F4588F55}.Debug|x86.Build.0 = Debug|Any CPU
		{F73AD42A-5BD3-45B7-B915-7584F4588F55}.Release|Any CPU.ActiveCfg = Release|Any CPU
		{F73AD42A-5BD3-45B7-B915-7584F4588F55}.Release|Any CPU.Build.0 = Release|Any CPU
		{F73AD42A-5BD3-45B7-B915-7584F4588F55}.Release|ARM64.ActiveCfg = Release|Any CPU
		{F73AD42A-5BD3-45B7-B915-7584F4588F55}.Release|ARM64.Build.0 = Release|Any CPU
		{F73AD42A-5BD3-45B7-B915-7584F4588F55}.Release|x64.ActiveCfg = Release|Any CPU
		{F73AD42A-5BD3-45B7-B915-7584F4588F55}.Release|x64.Build.0 = Release|Any CPU
		{F73AD42A-5BD3-45B7-B915-7584F4588F55}.Release|x86.ActiveCfg = Release|Any CPU
		{F73AD42A-5BD3-45B7-B915-7584F4588F55}.Release|x86.Build.0 = Release|Any CPU
		{DF5E31FD-A162-4053-B7C6-50C196CF60E3}.Debug|Any CPU.ActiveCfg = Debug|Any CPU
		{DF5E31FD-A162-4053-B7C6-50C196CF60E3}.Debug|Any CPU.Build.0 = Debug|Any CPU
		{DF5E31FD-A162-4053-B7C6-50C196CF60E3}.Debug|ARM64.ActiveCfg = Debug|arm64
		{DF5E31FD-A162-4053-B7C6-50C196CF60E3}.Debug|ARM64.Build.0 = Debug|arm64
		{DF5E31FD-A162-4053-B7C6-50C196CF60E3}.Debug|x64.ActiveCfg = Debug|Any CPU
		{DF5E31FD-A162-4053-B7C6-50C196CF60E3}.Debug|x64.Build.0 = Debug|Any CPU
		{DF5E31FD-A162-4053-B7C6-50C196CF60E3}.Debug|x86.ActiveCfg = Debug|x86
		{DF5E31FD-A162-4053-B7C6-50C196CF60E3}.Debug|x86.Build.0 = Debug|x86
		{DF5E31FD-A162-4053-B7C6-50C196CF60E3}.Release|Any CPU.ActiveCfg = Release|Any CPU
		{DF5E31FD-A162-4053-B7C6-50C196CF60E3}.Release|Any CPU.Build.0 = Release|Any CPU
		{DF5E31FD-A162-4053-B7C6-50C196CF60E3}.Release|ARM64.ActiveCfg = Release|arm64
		{DF5E31FD-A162-4053-B7C6-50C196CF60E3}.Release|ARM64.Build.0 = Release|arm64
		{DF5E31FD-A162-4053-B7C6-50C196CF60E3}.Release|x64.ActiveCfg = Release|Any CPU
		{DF5E31FD-A162-4053-B7C6-50C196CF60E3}.Release|x64.Build.0 = Release|Any CPU
		{DF5E31FD-A162-4053-B7C6-50C196CF60E3}.Release|x86.ActiveCfg = Release|x86
		{DF5E31FD-A162-4053-B7C6-50C196CF60E3}.Release|x86.Build.0 = Release|x86
	EndGlobalSection
	GlobalSection(SolutionProperties) = preSolution
		HideSolutionNode = FALSE
	EndGlobalSection
	GlobalSection(NestedProjects) = preSolution
		{23169CA2-2157-4978-A8AF-CF360540F467} = {11DEE166-9224-42F9-92C6-A6447A90C31B}
		{D64FF95C-C555-458B-BCB9-3AD41AF95084} = {9A2F89BD-58B1-4E31-A0CF-F4D3AFB3F02B}
		{DF5E31FD-A162-4053-B7C6-50C196CF60E3} = {11DEE166-9224-42F9-92C6-A6447A90C31B}
	EndGlobalSection
	GlobalSection(ExtensibilityGlobals) = postSolution
		SolutionGuid = {DC3D5311-37A2-44C1-90E8-86A268A99F35}
	EndGlobalSection
EndGlobal
