
Microsoft Visual Studio Solution File, Format Version 12.00
# Visual Studio Version 17
VisualStudioVersion = 17.0.31612.314
MinimumVisualStudioVersion = 10.0.40219.1
Project("{9A19103F-16F7-4668-BE54-9A1E7A4F7556}") = "ConsoleTester", "ConsoleTester\ConsoleTester.csproj", "{8FA8BEAA-F47C-4B1B-B95F-E0A0DBE3AA79}"
EndProject
Project("{9A19103F-16F7-4668-BE54-9A1E7A4F7556}") = "IRExplorerCore", "IRExplorerCore\IRExplorerCore.csproj", "{74EA0CBC-6A4A-455F-B978-D8F4E361E19A}"
EndProject
Project("{9A19103F-16F7-4668-BE54-9A1E7A4F7556}") = "IRExplorerCoreTests", "IRExplorerCoreUnitTests\IRExplorerCoreTests.csproj", "{CB6DD82B-FF3A-4BA9-BEDE-7B73B84204FF}"
EndProject
Project("{9A19103F-16F7-4668-BE54-9A1E7A4F7556}") = "IRExplorerUI", "IRExplorerUI\IRExplorerUI.csproj", "{23169CA2-2157-4978-A8AF-CF360540F467}"
EndProject
Project("{FAE04EC0-301F-11D3-BF4B-00C04F79EFBC}") = "ClientUITests", "ClientUITests\ClientUITests.csproj", "{A853A439-AD83-48F8-B924-B7EE3910E721}"
EndProject
Project("{FAE04EC0-301F-11D3-BF4B-00C04F79EFBC}") = "IRExplorerExtension", "VSExtension\IRExplorerExtension.csproj", "{DF5E31FD-A162-4053-B7C6-50C196CF60E3}"
EndProject
Project("{9A19103F-16F7-4668-BE54-9A1E7A4F7556}") = "IRExplorerCmd", "IRExplorerCmd\IRExplorerCmd.csproj", "{3EC127DC-070C-4610-AD7B-A95FB29D72A0}"
EndProject
Project("{2150E333-8FDC-42A3-9474-1A3956D46DE8}") = "Libs", "Libs", "{97556D7C-B58A-4BBF-AB5D-0E893CBFC022}"
EndProject
Project("{2150E333-8FDC-42A3-9474-1A3956D46DE8}") = "Testing", "Testing", "{A7ADE973-6B3C-41A1-BDD5-8B8A500E321E}"
EndProject
Project("{2150E333-8FDC-42A3-9474-1A3956D46DE8}") = "Clients", "Clients", "{11DEE166-9224-42F9-92C6-A6447A90C31B}"
EndProject
Project("{9A19103F-16F7-4668-BE54-9A1E7A4F7556}") = "IRExplorerLib", "IRExplorerLib\IRExplorerLib.csproj", "{93F5E9D4-1135-4649-88F6-2F1A6D23FBEE}"
EndProject
Project("{9A19103F-16F7-4668-BE54-9A1E7A4F7556}") = "IRExplorerTheme", "IRExplorerTheme\IRExplorerTheme.csproj", "{FD944310-BD36-4076-9C8E-A80589E26BFF}"
EndProject
Project("{2150E333-8FDC-42A3-9474-1A3956D46DE8}") = "External", "External", "{9A2F89BD-58B1-4E31-A0CF-F4D3AFB3F02B}"
EndProject
Project("{9A19103F-16F7-4668-BE54-9A1E7A4F7556}") = "TreeListView", "external\TreeListView\TreeListView.csproj", "{D64FF95C-C555-458B-BCB9-3AD41AF95084}"
EndProject
Global
	GlobalSection(SolutionConfigurationPlatforms) = preSolution
		Debug|Any CPU = Debug|Any CPU
		Debug|ARM64 = Debug|ARM64
		Debug|x64 = Debug|x64
		Debug|x86 = Debug|x86
		Release|Any CPU = Release|Any CPU
		Release|ARM64 = Release|ARM64
		Release|x64 = Release|x64
		Release|x86 = Release|x86
	EndGlobalSection
	GlobalSection(ProjectConfigurationPlatforms) = postSolution
		{8FA8BEAA-F47C-4B1B-B95F-E0A0DBE3AA79}.Debug|Any CPU.ActiveCfg = Debug|Any CPU
		{8FA8BEAA-F47C-4B1B-B95F-E0A0DBE3AA79}.Debug|Any CPU.Build.0 = Debug|Any CPU
		{8FA8BEAA-F47C-4B1B-B95F-E0A0DBE3AA79}.Debug|ARM64.ActiveCfg = Debug|ARM64
		{8FA8BEAA-F47C-4B1B-B95F-E0A0DBE3AA79}.Debug|ARM64.Build.0 = Debug|ARM64
		{8FA8BEAA-F47C-4B1B-B95F-E0A0DBE3AA79}.Debug|x64.ActiveCfg = Debug|Any CPU
		{8FA8BEAA-F47C-4B1B-B95F-E0A0DBE3AA79}.Debug|x64.Build.0 = Debug|Any CPU
		{8FA8BEAA-F47C-4B1B-B95F-E0A0DBE3AA79}.Debug|x86.ActiveCfg = Debug|Any CPU
		{8FA8BEAA-F47C-4B1B-B95F-E0A0DBE3AA79}.Debug|x86.Build.0 = Debug|Any CPU
		{8FA8BEAA-F47C-4B1B-B95F-E0A0DBE3AA79}.Release|Any CPU.ActiveCfg = Release|Any CPU
		{8FA8BEAA-F47C-4B1B-B95F-E0A0DBE3AA79}.Release|Any CPU.Build.0 = Release|Any CPU
		{8FA8BEAA-F47C-4B1B-B95F-E0A0DBE3AA79}.Release|ARM64.ActiveCfg = Release|ARM64
		{8FA8BEAA-F47C-4B1B-B95F-E0A0DBE3AA79}.Release|ARM64.Build.0 = Release|ARM64
		{8FA8BEAA-F47C-4B1B-B95F-E0A0DBE3AA79}.Release|x64.ActiveCfg = Release|Any CPU
		{8FA8BEAA-F47C-4B1B-B95F-E0A0DBE3AA79}.Release|x64.Build.0 = Release|Any CPU
		{8FA8BEAA-F47C-4B1B-B95F-E0A0DBE3AA79}.Release|x86.ActiveCfg = Release|Any CPU
		{8FA8BEAA-F47C-4B1B-B95F-E0A0DBE3AA79}.Release|x86.Build.0 = Release|Any CPU
		{74EA0CBC-6A4A-455F-B978-D8F4E361E19A}.Debug|Any CPU.ActiveCfg = Debug|Any CPU
		{74EA0CBC-6A4A-455F-B978-D8F4E361E19A}.Debug|Any CPU.Build.0 = Debug|Any CPU
		{74EA0CBC-6A4A-455F-B978-D8F4E361E19A}.Debug|ARM64.ActiveCfg = Debug|Any CPU
		{74EA0CBC-6A4A-455F-B978-D8F4E361E19A}.Debug|ARM64.Build.0 = Debug|Any CPU
		{74EA0CBC-6A4A-455F-B978-D8F4E361E19A}.Debug|x64.ActiveCfg = Debug|Any CPU
		{74EA0CBC-6A4A-455F-B978-D8F4E361E19A}.Debug|x64.Build.0 = Debug|Any CPU
		{74EA0CBC-6A4A-455F-B978-D8F4E361E19A}.Debug|x86.ActiveCfg = Debug|Any CPU
		{74EA0CBC-6A4A-455F-B978-D8F4E361E19A}.Debug|x86.Build.0 = Debug|Any CPU
		{74EA0CBC-6A4A-455F-B978-D8F4E361E19A}.Release|Any CPU.ActiveCfg = Release|Any CPU
		{74EA0CBC-6A4A-455F-B978-D8F4E361E19A}.Release|Any CPU.Build.0 = Release|Any CPU
		{74EA0CBC-6A4A-455F-B978-D8F4E361E19A}.Release|ARM64.ActiveCfg = Release|Any CPU
		{74EA0CBC-6A4A-455F-B978-D8F4E361E19A}.Release|ARM64.Build.0 = Release|Any CPU
		{74EA0CBC-6A4A-455F-B978-D8F4E361E19A}.Release|x64.ActiveCfg = Release|Any CPU
		{74EA0CBC-6A4A-455F-B978-D8F4E361E19A}.Release|x64.Build.0 = Release|Any CPU
		{74EA0CBC-6A4A-455F-B978-D8F4E361E19A}.Release|x86.ActiveCfg = Release|Any CPU
		{74EA0CBC-6A4A-455F-B978-D8F4E361E19A}.Release|x86.Build.0 = Release|Any CPU
		{CB6DD82B-FF3A-4BA9-BEDE-7B73B84204FF}.Debug|Any CPU.ActiveCfg = Debug|Any CPU
		{CB6DD82B-FF3A-4BA9-BEDE-7B73B84204FF}.Debug|Any CPU.Build.0 = Debug|Any CPU
		{CB6DD82B-FF3A-4BA9-BEDE-7B73B84204FF}.Debug|ARM64.ActiveCfg = Debug|ARM64
		{CB6DD82B-FF3A-4BA9-BEDE-7B73B84204FF}.Debug|ARM64.Build.0 = Debug|ARM64
		{CB6DD82B-FF3A-4BA9-BEDE-7B73B84204FF}.Debug|x64.ActiveCfg = Debug|Any CPU
		{CB6DD82B-FF3A-4BA9-BEDE-7B73B84204FF}.Debug|x64.Build.0 = Debug|Any CPU
		{CB6DD82B-FF3A-4BA9-BEDE-7B73B84204FF}.Debug|x86.ActiveCfg = Debug|Any CPU
		{CB6DD82B-FF3A-4BA9-BEDE-7B73B84204FF}.Debug|x86.Build.0 = Debug|Any CPU
		{CB6DD82B-FF3A-4BA9-BEDE-7B73B84204FF}.Release|Any CPU.ActiveCfg = Release|Any CPU
		{CB6DD82B-FF3A-4BA9-BEDE-7B73B84204FF}.Release|Any CPU.Build.0 = Release|Any CPU
		{CB6DD82B-FF3A-4BA9-BEDE-7B73B84204FF}.Release|ARM64.ActiveCfg = Release|ARM64
		{CB6DD82B-FF3A-4BA9-BEDE-7B73B84204FF}.Release|ARM64.Build.0 = Release|ARM64
		{CB6DD82B-FF3A-4BA9-BEDE-7B73B84204FF}.Release|x64.ActiveCfg = Release|Any CPU
		{CB6DD82B-FF3A-4BA9-BEDE-7B73B84204FF}.Release|x64.Build.0 = Release|Any CPU
		{CB6DD82B-FF3A-4BA9-BEDE-7B73B84204FF}.Release|x86.ActiveCfg = Release|Any CPU
		{CB6DD82B-FF3A-4BA9-BEDE-7B73B84204FF}.Release|x86.Build.0 = Release|Any CPU
		{23169CA2-2157-4978-A8AF-CF360540F467}.Debug|Any CPU.ActiveCfg = Debug|Any CPU
		{23169CA2-2157-4978-A8AF-CF360540F467}.Debug|Any CPU.Build.0 = Debug|Any CPU
		{23169CA2-2157-4978-A8AF-CF360540F467}.Debug|ARM64.ActiveCfg = Debug|ARM64
		{23169CA2-2157-4978-A8AF-CF360540F467}.Debug|ARM64.Build.0 = Debug|ARM64
		{23169CA2-2157-4978-A8AF-CF360540F467}.Debug|x64.ActiveCfg = Debug|Any CPU
		{23169CA2-2157-4978-A8AF-CF360540F467}.Debug|x64.Build.0 = Debug|Any CPU
		{23169CA2-2157-4978-A8AF-CF360540F467}.Debug|x86.ActiveCfg = Debug|Any CPU
		{23169CA2-2157-4978-A8AF-CF360540F467}.Debug|x86.Build.0 = Debug|Any CPU
		{23169CA2-2157-4978-A8AF-CF360540F467}.Release|Any CPU.ActiveCfg = Release|Any CPU
		{23169CA2-2157-4978-A8AF-CF360540F467}.Release|Any CPU.Build.0 = Release|Any CPU
		{23169CA2-2157-4978-A8AF-CF360540F467}.Release|ARM64.ActiveCfg = Release|ARM64
		{23169CA2-2157-4978-A8AF-CF360540F467}.Release|ARM64.Build.0 = Release|ARM64
		{23169CA2-2157-4978-A8AF-CF360540F467}.Release|x64.ActiveCfg = Release|Any CPU
		{23169CA2-2157-4978-A8AF-CF360540F467}.Release|x64.Build.0 = Release|Any CPU
		{23169CA2-2157-4978-A8AF-CF360540F467}.Release|x86.ActiveCfg = Release|Any CPU
		{23169CA2-2157-4978-A8AF-CF360540F467}.Release|x86.Build.0 = Release|Any CPU
		{A853A439-AD83-48F8-B924-B7EE3910E721}.Debug|Any CPU.ActiveCfg = Debug|Any CPU
		{A853A439-AD83-48F8-B924-B7EE3910E721}.Debug|Any CPU.Build.0 = Debug|Any CPU
		{A853A439-AD83-48F8-B924-B7EE3910E721}.Debug|ARM64.ActiveCfg = Debug|Any CPU
		{A853A439-AD83-48F8-B924-B7EE3910E721}.Debug|ARM64.Build.0 = Debug|Any CPU
		{A853A439-AD83-48F8-B924-B7EE3910E721}.Debug|x64.ActiveCfg = Debug|Any CPU
		{A853A439-AD83-48F8-B924-B7EE3910E721}.Debug|x64.Build.0 = Debug|Any CPU
		{A853A439-AD83-48F8-B924-B7EE3910E721}.Debug|x86.ActiveCfg = Debug|Any CPU
		{A853A439-AD83-48F8-B924-B7EE3910E721}.Debug|x86.Build.0 = Debug|Any CPU
		{A853A439-AD83-48F8-B924-B7EE3910E721}.Release|Any CPU.ActiveCfg = Release|Any CPU
		{A853A439-AD83-48F8-B924-B7EE3910E721}.Release|Any CPU.Build.0 = Release|Any CPU
		{A853A439-AD83-48F8-B924-B7EE3910E721}.Release|ARM64.ActiveCfg = Release|Any CPU
		{A853A439-AD83-48F8-B924-B7EE3910E721}.Release|ARM64.Build.0 = Release|Any CPU
		{A853A439-AD83-48F8-B924-B7EE3910E721}.Release|x64.ActiveCfg = Release|Any CPU
		{A853A439-AD83-48F8-B924-B7EE3910E721}.Release|x64.Build.0 = Release|Any CPU
		{A853A439-AD83-48F8-B924-B7EE3910E721}.Release|x86.ActiveCfg = Release|Any CPU
		{A853A439-AD83-48F8-B924-B7EE3910E721}.Release|x86.Build.0 = Release|Any CPU
		{DF5E31FD-A162-4053-B7C6-50C196CF60E3}.Debug|Any CPU.ActiveCfg = Debug|Any CPU
		{DF5E31FD-A162-4053-B7C6-50C196CF60E3}.Debug|Any CPU.Build.0 = Debug|Any CPU
		{DF5E31FD-A162-4053-B7C6-50C196CF60E3}.Debug|ARM64.ActiveCfg = Debug|Any CPU
		{DF5E31FD-A162-4053-B7C6-50C196CF60E3}.Debug|ARM64.Build.0 = Debug|Any CPU
		{DF5E31FD-A162-4053-B7C6-50C196CF60E3}.Debug|x64.ActiveCfg = Debug|Any CPU
		{DF5E31FD-A162-4053-B7C6-50C196CF60E3}.Debug|x64.Build.0 = Debug|Any CPU
		{DF5E31FD-A162-4053-B7C6-50C196CF60E3}.Debug|x86.ActiveCfg = Debug|Any CPU
		{DF5E31FD-A162-4053-B7C6-50C196CF60E3}.Debug|x86.Build.0 = Debug|Any CPU
		{DF5E31FD-A162-4053-B7C6-50C196CF60E3}.Release|Any CPU.ActiveCfg = Release|Any CPU
		{DF5E31FD-A162-4053-B7C6-50C196CF60E3}.Release|Any CPU.Build.0 = Release|Any CPU
		{DF5E31FD-A162-4053-B7C6-50C196CF60E3}.Release|ARM64.ActiveCfg = Release|Any CPU
		{DF5E31FD-A162-4053-B7C6-50C196CF60E3}.Release|ARM64.Build.0 = Release|Any CPU
		{DF5E31FD-A162-4053-B7C6-50C196CF60E3}.Release|x64.ActiveCfg = Release|Any CPU
		{DF5E31FD-A162-4053-B7C6-50C196CF60E3}.Release|x64.Build.0 = Release|Any CPU
		{DF5E31FD-A162-4053-B7C6-50C196CF60E3}.Release|x86.ActiveCfg = Release|Any CPU
		{DF5E31FD-A162-4053-B7C6-50C196CF60E3}.Release|x86.Build.0 = Release|Any CPU
		{3EC127DC-070C-4610-AD7B-A95FB29D72A0}.Debug|Any CPU.ActiveCfg = Debug|Any CPU
		{3EC127DC-070C-4610-AD7B-A95FB29D72A0}.Debug|Any CPU.Build.0 = Debug|Any CPU
		{3EC127DC-070C-4610-AD7B-A95FB29D72A0}.Debug|ARM64.ActiveCfg = Debug|ARM64
		{3EC127DC-070C-4610-AD7B-A95FB29D72A0}.Debug|ARM64.Build.0 = Debug|ARM64
		{3EC127DC-070C-4610-AD7B-A95FB29D72A0}.Debug|x64.ActiveCfg = Debug|Any CPU
		{3EC127DC-070C-4610-AD7B-A95FB29D72A0}.Debug|x64.Build.0 = Debug|Any CPU
		{3EC127DC-070C-4610-AD7B-A95FB29D72A0}.Debug|x86.ActiveCfg = Debug|Any CPU
		{3EC127DC-070C-4610-AD7B-A95FB29D72A0}.Debug|x86.Build.0 = Debug|Any CPU
		{3EC127DC-070C-4610-AD7B-A95FB29D72A0}.Release|Any CPU.ActiveCfg = Release|Any CPU
		{3EC127DC-070C-4610-AD7B-A95FB29D72A0}.Release|Any CPU.Build.0 = Release|Any CPU
		{3EC127DC-070C-4610-AD7B-A95FB29D72A0}.Release|ARM64.ActiveCfg = Release|ARM64
		{3EC127DC-070C-4610-AD7B-A95FB29D72A0}.Release|ARM64.Build.0 = Release|ARM64
		{3EC127DC-070C-4610-AD7B-A95FB29D72A0}.Release|x64.ActiveCfg = Release|Any CPU
		{3EC127DC-070C-4610-AD7B-A95FB29D72A0}.Release|x64.Build.0 = Release|Any CPU
		{3EC127DC-070C-4610-AD7B-A95FB29D72A0}.Release|x86.ActiveCfg = Release|Any CPU
		{3EC127DC-070C-4610-AD7B-A95FB29D72A0}.Release|x86.Build.0 = Release|Any CPU
		{93F5E9D4-1135-4649-88F6-2F1A6D23FBEE}.Debug|Any CPU.ActiveCfg = Debug|Any CPU
		{93F5E9D4-1135-4649-88F6-2F1A6D23FBEE}.Debug|Any CPU.Build.0 = Debug|Any CPU
		{93F5E9D4-1135-4649-88F6-2F1A6D23FBEE}.Debug|ARM64.ActiveCfg = Debug|Any CPU
		{93F5E9D4-1135-4649-88F6-2F1A6D23FBEE}.Debug|ARM64.Build.0 = Debug|Any CPU
		{93F5E9D4-1135-4649-88F6-2F1A6D23FBEE}.Debug|x64.ActiveCfg = Debug|Any CPU
		{93F5E9D4-1135-4649-88F6-2F1A6D23FBEE}.Debug|x64.Build.0 = Debug|Any CPU
		{93F5E9D4-1135-4649-88F6-2F1A6D23FBEE}.Debug|x86.ActiveCfg = Debug|Any CPU
		{93F5E9D4-1135-4649-88F6-2F1A6D23FBEE}.Debug|x86.Build.0 = Debug|Any CPU
		{93F5E9D4-1135-4649-88F6-2F1A6D23FBEE}.Release|Any CPU.ActiveCfg = Release|Any CPU
		{93F5E9D4-1135-4649-88F6-2F1A6D23FBEE}.Release|Any CPU.Build.0 = Release|Any CPU
		{93F5E9D4-1135-4649-88F6-2F1A6D23FBEE}.Release|ARM64.ActiveCfg = Release|Any CPU
		{93F5E9D4-1135-4649-88F6-2F1A6D23FBEE}.Release|ARM64.Build.0 = Release|Any CPU
		{93F5E9D4-1135-4649-88F6-2F1A6D23FBEE}.Release|x64.ActiveCfg = Release|Any CPU
		{93F5E9D4-1135-4649-88F6-2F1A6D23FBEE}.Release|x64.Build.0 = Release|Any CPU
		{93F5E9D4-1135-4649-88F6-2F1A6D23FBEE}.Release|x86.ActiveCfg = Release|Any CPU
		{93F5E9D4-1135-4649-88F6-2F1A6D23FBEE}.Release|x86.Build.0 = Release|Any CPU
		{FD944310-BD36-4076-9C8E-A80589E26BFF}.Debug|Any CPU.ActiveCfg = Debug|Any CPU
		{FD944310-BD36-4076-9C8E-A80589E26BFF}.Debug|Any CPU.Build.0 = Debug|Any CPU
		{FD944310-BD36-4076-9C8E-A80589E26BFF}.Debug|ARM64.ActiveCfg = Debug|Any CPU
		{FD944310-BD36-4076-9C8E-A80589E26BFF}.Debug|x64.ActiveCfg = Debug|Any CPU
		{FD944310-BD36-4076-9C8E-A80589E26BFF}.Debug|x64.Build.0 = Debug|Any CPU
		{FD944310-BD36-4076-9C8E-A80589E26BFF}.Debug|x86.ActiveCfg = Debug|Any CPU
		{FD944310-BD36-4076-9C8E-A80589E26BFF}.Debug|x86.Build.0 = Debug|Any CPU
		{FD944310-BD36-4076-9C8E-A80589E26BFF}.Release|Any CPU.ActiveCfg = Release|Any CPU
		{FD944310-BD36-4076-9C8E-A80589E26BFF}.Release|Any CPU.Build.0 = Release|Any CPU
		{FD944310-BD36-4076-9C8E-A80589E26BFF}.Release|ARM64.ActiveCfg = Release|Any CPU
		{FD944310-BD36-4076-9C8E-A80589E26BFF}.Release|x64.ActiveCfg = Release|Any CPU
		{FD944310-BD36-4076-9C8E-A80589E26BFF}.Release|x64.Build.0 = Release|Any CPU
		{FD944310-BD36-4076-9C8E-A80589E26BFF}.Release|x86.ActiveCfg = Release|Any CPU
		{FD944310-BD36-4076-9C8E-A80589E26BFF}.Release|x86.Build.0 = Release|Any CPU
		{D64FF95C-C555-458B-BCB9-3AD41AF95084}.Debug|Any CPU.ActiveCfg = Debug|Any CPU
		{D64FF95C-C555-458B-BCB9-3AD41AF95084}.Debug|Any CPU.Build.0 = Debug|Any CPU
		{D64FF95C-C555-458B-BCB9-3AD41AF95084}.Debug|ARM64.ActiveCfg = Debug|ARM64
		{D64FF95C-C555-458B-BCB9-3AD41AF95084}.Debug|ARM64.Build.0 = Debug|ARM64
		{D64FF95C-C555-458B-BCB9-3AD41AF95084}.Debug|x64.ActiveCfg = Debug|Any CPU
		{D64FF95C-C555-458B-BCB9-3AD41AF95084}.Debug|x64.Build.0 = Debug|Any CPU
		{D64FF95C-C555-458B-BCB9-3AD41AF95084}.Debug|x86.ActiveCfg = Debug|Any CPU
		{D64FF95C-C555-458B-BCB9-3AD41AF95084}.Debug|x86.Build.0 = Debug|Any CPU
		{D64FF95C-C555-458B-BCB9-3AD41AF95084}.Release|Any CPU.ActiveCfg = Release|Any CPU
		{D64FF95C-C555-458B-BCB9-3AD41AF95084}.Release|Any CPU.Build.0 = Release|Any CPU
		{D64FF95C-C555-458B-BCB9-3AD41AF95084}.Release|ARM64.ActiveCfg = Release|ARM64
		{D64FF95C-C555-458B-BCB9-3AD41AF95084}.Release|ARM64.Build.0 = Release|ARM64
		{D64FF95C-C555-458B-BCB9-3AD41AF95084}.Release|x64.ActiveCfg = Release|Any CPU
		{D64FF95C-C555-458B-BCB9-3AD41AF95084}.Release|x64.Build.0 = Release|Any CPU
		{D64FF95C-C555-458B-BCB9-3AD41AF95084}.Release|x86.ActiveCfg = Release|Any CPU
		{D64FF95C-C555-458B-BCB9-3AD41AF95084}.Release|x86.Build.0 = Release|Any CPU
	EndGlobalSection
	GlobalSection(SolutionProperties) = preSolution
		HideSolutionNode = FALSE
	EndGlobalSection
	GlobalSection(NestedProjects) = preSolution
		{8FA8BEAA-F47C-4B1B-B95F-E0A0DBE3AA79} = {A7ADE973-6B3C-41A1-BDD5-8B8A500E321E}
		{74EA0CBC-6A4A-455F-B978-D8F4E361E19A} = {97556D7C-B58A-4BBF-AB5D-0E893CBFC022}
		{CB6DD82B-FF3A-4BA9-BEDE-7B73B84204FF} = {A7ADE973-6B3C-41A1-BDD5-8B8A500E321E}
		{23169CA2-2157-4978-A8AF-CF360540F467} = {11DEE166-9224-42F9-92C6-A6447A90C31B}
		{A853A439-AD83-48F8-B924-B7EE3910E721} = {A7ADE973-6B3C-41A1-BDD5-8B8A500E321E}
		{DF5E31FD-A162-4053-B7C6-50C196CF60E3} = {11DEE166-9224-42F9-92C6-A6447A90C31B}
		{3EC127DC-070C-4610-AD7B-A95FB29D72A0} = {11DEE166-9224-42F9-92C6-A6447A90C31B}
		{93F5E9D4-1135-4649-88F6-2F1A6D23FBEE} = {97556D7C-B58A-4BBF-AB5D-0E893CBFC022}
		{FD944310-BD36-4076-9C8E-A80589E26BFF} = {11DEE166-9224-42F9-92C6-A6447A90C31B}
		{D64FF95C-C555-458B-BCB9-3AD41AF95084} = {9A2F89BD-58B1-4E31-A0CF-F4D3AFB3F02B}
	EndGlobalSection
	GlobalSection(ExtensibilityGlobals) = postSolution
		SolutionGuid = {DC3D5311-37A2-44C1-90E8-86A268A99F35}
	EndGlobalSection
EndGlobal
