
Microsoft Visual Studio Solution File, Format Version 12.00
# Visual Studio Version 16
VisualStudioVersion = 16.0.29318.188
MinimumVisualStudioVersion = 10.0.40219.1
Project("{9A19103F-16F7-4668-BE54-9A1E7A4F7556}") = "ConsoleTester", "ConsoleTester\ConsoleTester.csproj", "{8FA8BEAA-F47C-4B1B-B95F-E0A0DBE3AA79}"
EndProject
Project("{9A19103F-16F7-4668-BE54-9A1E7A4F7556}") = "CoreLib", "CoreLib\CoreLib.csproj", "{74EA0CBC-6A4A-455F-B978-D8F4E361E19A}"
EndProject
Project("{9A19103F-16F7-4668-BE54-9A1E7A4F7556}") = "CoreLibUnitTests", "CoreLibUnitTests\CoreLibUnitTests.csproj", "{CB6DD82B-FF3A-4BA9-BEDE-7B73B84204FF}"
EndProject
Project("{9A19103F-16F7-4668-BE54-9A1E7A4F7556}") = "IRExplorer", "IRExplorer\IRExplorer.csproj", "{23169CA2-2157-4978-A8AF-CF360540F467}"
EndProject
Project("{FAE04EC0-301F-11D3-BF4B-00C04F79EFBC}") = "ClientUITests", "ClientUITests\ClientUITests.csproj", "{A853A439-AD83-48F8-B924-B7EE3910E721}"
EndProject
Project("{9A19103F-16F7-4668-BE54-9A1E7A4F7556}") = "GrpcClientServerLib", "ClientServer\GrpcClientServerLib.csproj", "{8C2331F3-4722-434C-98C2-46582E562279}"
EndProject
Project("{FAE04EC0-301F-11D3-BF4B-00C04F79EFBC}") = "IRExplorerExtension", "VSExtension\IRExplorerExtension.csproj", "{DF5E31FD-A162-4053-B7C6-50C196CF60E3}"
EndProject
Project("{8BC9CEB8-8B4A-11D0-8D11-00A0C91BC942}") = "GrpcCppLib", "GrpcCppLib\GrpcCppLib.vcxproj", "{5AE1030C-3AF8-48A6-8028-7A2B3E60ECAF}"
EndProject
Project("{FAE04EC0-301F-11D3-BF4B-00C04F79EFBC}") = "FeatureLib", "FeatureLib\FeatureLib.csproj", "{DB93C3EC-5696-44F1-8DD8-DB3878F8E2C5}"
EndProject
Global
	GlobalSection(SolutionConfigurationPlatforms) = preSolution
		Debug|Any CPU = Debug|Any CPU
		Debug|x64 = Debug|x64
		Debug|x86 = Debug|x86
		Release|Any CPU = Release|Any CPU
		Release|x64 = Release|x64
		Release|x86 = Release|x86
		ReleaseStaticLib|Any CPU = ReleaseStaticLib|Any CPU
		ReleaseStaticLib|x64 = ReleaseStaticLib|x64
		ReleaseStaticLib|x86 = ReleaseStaticLib|x86
	EndGlobalSection
	GlobalSection(ProjectConfigurationPlatforms) = postSolution
		{8FA8BEAA-F47C-4B1B-B95F-E0A0DBE3AA79}.Debug|Any CPU.ActiveCfg = Debug|Any CPU
		{8FA8BEAA-F47C-4B1B-B95F-E0A0DBE3AA79}.Debug|Any CPU.Build.0 = Debug|Any CPU
		{8FA8BEAA-F47C-4B1B-B95F-E0A0DBE3AA79}.Debug|x64.ActiveCfg = Debug|Any CPU
		{8FA8BEAA-F47C-4B1B-B95F-E0A0DBE3AA79}.Debug|x64.Build.0 = Debug|Any CPU
		{8FA8BEAA-F47C-4B1B-B95F-E0A0DBE3AA79}.Debug|x86.ActiveCfg = Debug|Any CPU
		{8FA8BEAA-F47C-4B1B-B95F-E0A0DBE3AA79}.Debug|x86.Build.0 = Debug|Any CPU
		{8FA8BEAA-F47C-4B1B-B95F-E0A0DBE3AA79}.Release|Any CPU.ActiveCfg = Release|Any CPU
		{8FA8BEAA-F47C-4B1B-B95F-E0A0DBE3AA79}.Release|Any CPU.Build.0 = Release|Any CPU
		{8FA8BEAA-F47C-4B1B-B95F-E0A0DBE3AA79}.Release|x64.ActiveCfg = Release|Any CPU
		{8FA8BEAA-F47C-4B1B-B95F-E0A0DBE3AA79}.Release|x64.Build.0 = Release|Any CPU
		{8FA8BEAA-F47C-4B1B-B95F-E0A0DBE3AA79}.Release|x86.ActiveCfg = Release|Any CPU
		{8FA8BEAA-F47C-4B1B-B95F-E0A0DBE3AA79}.Release|x86.Build.0 = Release|Any CPU
		{8FA8BEAA-F47C-4B1B-B95F-E0A0DBE3AA79}.ReleaseStaticLib|Any CPU.ActiveCfg = Release|Any CPU
		{8FA8BEAA-F47C-4B1B-B95F-E0A0DBE3AA79}.ReleaseStaticLib|Any CPU.Build.0 = Release|Any CPU
		{8FA8BEAA-F47C-4B1B-B95F-E0A0DBE3AA79}.ReleaseStaticLib|x64.ActiveCfg = Release|Any CPU
		{8FA8BEAA-F47C-4B1B-B95F-E0A0DBE3AA79}.ReleaseStaticLib|x64.Build.0 = Release|Any CPU
		{8FA8BEAA-F47C-4B1B-B95F-E0A0DBE3AA79}.ReleaseStaticLib|x86.ActiveCfg = Release|Any CPU
		{8FA8BEAA-F47C-4B1B-B95F-E0A0DBE3AA79}.ReleaseStaticLib|x86.Build.0 = Release|Any CPU
		{74EA0CBC-6A4A-455F-B978-D8F4E361E19A}.Debug|Any CPU.ActiveCfg = Debug|Any CPU
		{74EA0CBC-6A4A-455F-B978-D8F4E361E19A}.Debug|Any CPU.Build.0 = Debug|Any CPU
		{74EA0CBC-6A4A-455F-B978-D8F4E361E19A}.Debug|x64.ActiveCfg = Debug|Any CPU
		{74EA0CBC-6A4A-455F-B978-D8F4E361E19A}.Debug|x64.Build.0 = Debug|Any CPU
		{74EA0CBC-6A4A-455F-B978-D8F4E361E19A}.Debug|x86.ActiveCfg = Debug|Any CPU
		{74EA0CBC-6A4A-455F-B978-D8F4E361E19A}.Debug|x86.Build.0 = Debug|Any CPU
		{74EA0CBC-6A4A-455F-B978-D8F4E361E19A}.Release|Any CPU.ActiveCfg = Release|Any CPU
		{74EA0CBC-6A4A-455F-B978-D8F4E361E19A}.Release|Any CPU.Build.0 = Release|Any CPU
		{74EA0CBC-6A4A-455F-B978-D8F4E361E19A}.Release|x64.ActiveCfg = Release|Any CPU
		{74EA0CBC-6A4A-455F-B978-D8F4E361E19A}.Release|x64.Build.0 = Release|Any CPU
		{74EA0CBC-6A4A-455F-B978-D8F4E361E19A}.Release|x86.ActiveCfg = Release|Any CPU
		{74EA0CBC-6A4A-455F-B978-D8F4E361E19A}.Release|x86.Build.0 = Release|Any CPU
		{74EA0CBC-6A4A-455F-B978-D8F4E361E19A}.ReleaseStaticLib|Any CPU.ActiveCfg = Release|Any CPU
		{74EA0CBC-6A4A-455F-B978-D8F4E361E19A}.ReleaseStaticLib|Any CPU.Build.0 = Release|Any CPU
		{74EA0CBC-6A4A-455F-B978-D8F4E361E19A}.ReleaseStaticLib|x64.ActiveCfg = Release|Any CPU
		{74EA0CBC-6A4A-455F-B978-D8F4E361E19A}.ReleaseStaticLib|x64.Build.0 = Release|Any CPU
		{74EA0CBC-6A4A-455F-B978-D8F4E361E19A}.ReleaseStaticLib|x86.ActiveCfg = Release|Any CPU
		{74EA0CBC-6A4A-455F-B978-D8F4E361E19A}.ReleaseStaticLib|x86.Build.0 = Release|Any CPU
		{CB6DD82B-FF3A-4BA9-BEDE-7B73B84204FF}.Debug|Any CPU.ActiveCfg = Debug|Any CPU
		{CB6DD82B-FF3A-4BA9-BEDE-7B73B84204FF}.Debug|Any CPU.Build.0 = Debug|Any CPU
		{CB6DD82B-FF3A-4BA9-BEDE-7B73B84204FF}.Debug|x64.ActiveCfg = Debug|Any CPU
		{CB6DD82B-FF3A-4BA9-BEDE-7B73B84204FF}.Debug|x64.Build.0 = Debug|Any CPU
		{CB6DD82B-FF3A-4BA9-BEDE-7B73B84204FF}.Debug|x86.ActiveCfg = Debug|Any CPU
		{CB6DD82B-FF3A-4BA9-BEDE-7B73B84204FF}.Debug|x86.Build.0 = Debug|Any CPU
		{CB6DD82B-FF3A-4BA9-BEDE-7B73B84204FF}.Release|Any CPU.ActiveCfg = Release|Any CPU
		{CB6DD82B-FF3A-4BA9-BEDE-7B73B84204FF}.Release|Any CPU.Build.0 = Release|Any CPU
		{CB6DD82B-FF3A-4BA9-BEDE-7B73B84204FF}.Release|x64.ActiveCfg = Release|Any CPU
		{CB6DD82B-FF3A-4BA9-BEDE-7B73B84204FF}.Release|x64.Build.0 = Release|Any CPU
		{CB6DD82B-FF3A-4BA9-BEDE-7B73B84204FF}.Release|x86.ActiveCfg = Release|Any CPU
		{CB6DD82B-FF3A-4BA9-BEDE-7B73B84204FF}.Release|x86.Build.0 = Release|Any CPU
		{CB6DD82B-FF3A-4BA9-BEDE-7B73B84204FF}.ReleaseStaticLib|Any CPU.ActiveCfg = Release|Any CPU
		{CB6DD82B-FF3A-4BA9-BEDE-7B73B84204FF}.ReleaseStaticLib|Any CPU.Build.0 = Release|Any CPU
		{CB6DD82B-FF3A-4BA9-BEDE-7B73B84204FF}.ReleaseStaticLib|x64.ActiveCfg = Release|Any CPU
		{CB6DD82B-FF3A-4BA9-BEDE-7B73B84204FF}.ReleaseStaticLib|x64.Build.0 = Release|Any CPU
		{CB6DD82B-FF3A-4BA9-BEDE-7B73B84204FF}.ReleaseStaticLib|x86.ActiveCfg = Release|Any CPU
		{CB6DD82B-FF3A-4BA9-BEDE-7B73B84204FF}.ReleaseStaticLib|x86.Build.0 = Release|Any CPU
		{23169CA2-2157-4978-A8AF-CF360540F467}.Debug|Any CPU.ActiveCfg = Debug|Any CPU
		{23169CA2-2157-4978-A8AF-CF360540F467}.Debug|Any CPU.Build.0 = Debug|Any CPU
		{23169CA2-2157-4978-A8AF-CF360540F467}.Debug|x64.ActiveCfg = Debug|Any CPU
		{23169CA2-2157-4978-A8AF-CF360540F467}.Debug|x64.Build.0 = Debug|Any CPU
		{23169CA2-2157-4978-A8AF-CF360540F467}.Debug|x86.ActiveCfg = Debug|Any CPU
		{23169CA2-2157-4978-A8AF-CF360540F467}.Debug|x86.Build.0 = Debug|Any CPU
		{23169CA2-2157-4978-A8AF-CF360540F467}.Release|Any CPU.ActiveCfg = Release|Any CPU
		{23169CA2-2157-4978-A8AF-CF360540F467}.Release|Any CPU.Build.0 = Release|Any CPU
		{23169CA2-2157-4978-A8AF-CF360540F467}.Release|x64.ActiveCfg = Release|Any CPU
		{23169CA2-2157-4978-A8AF-CF360540F467}.Release|x64.Build.0 = Release|Any CPU
		{23169CA2-2157-4978-A8AF-CF360540F467}.Release|x86.ActiveCfg = Release|Any CPU
		{23169CA2-2157-4978-A8AF-CF360540F467}.Release|x86.Build.0 = Release|Any CPU
		{23169CA2-2157-4978-A8AF-CF360540F467}.ReleaseStaticLib|Any CPU.ActiveCfg = Release|Any CPU
		{23169CA2-2157-4978-A8AF-CF360540F467}.ReleaseStaticLib|Any CPU.Build.0 = Release|Any CPU
		{23169CA2-2157-4978-A8AF-CF360540F467}.ReleaseStaticLib|x64.ActiveCfg = Release|Any CPU
		{23169CA2-2157-4978-A8AF-CF360540F467}.ReleaseStaticLib|x64.Build.0 = Release|Any CPU
		{23169CA2-2157-4978-A8AF-CF360540F467}.ReleaseStaticLib|x86.ActiveCfg = Release|Any CPU
		{23169CA2-2157-4978-A8AF-CF360540F467}.ReleaseStaticLib|x86.Build.0 = Release|Any CPU
		{A853A439-AD83-48F8-B924-B7EE3910E721}.Debug|Any CPU.ActiveCfg = Debug|Any CPU
		{A853A439-AD83-48F8-B924-B7EE3910E721}.Debug|Any CPU.Build.0 = Debug|Any CPU
		{A853A439-AD83-48F8-B924-B7EE3910E721}.Debug|x64.ActiveCfg = Debug|Any CPU
		{A853A439-AD83-48F8-B924-B7EE3910E721}.Debug|x64.Build.0 = Debug|Any CPU
		{A853A439-AD83-48F8-B924-B7EE3910E721}.Debug|x86.ActiveCfg = Debug|Any CPU
		{A853A439-AD83-48F8-B924-B7EE3910E721}.Debug|x86.Build.0 = Debug|Any CPU
		{A853A439-AD83-48F8-B924-B7EE3910E721}.Release|Any CPU.ActiveCfg = Release|Any CPU
		{A853A439-AD83-48F8-B924-B7EE3910E721}.Release|Any CPU.Build.0 = Release|Any CPU
		{A853A439-AD83-48F8-B924-B7EE3910E721}.Release|x64.ActiveCfg = Release|Any CPU
		{A853A439-AD83-48F8-B924-B7EE3910E721}.Release|x64.Build.0 = Release|Any CPU
		{A853A439-AD83-48F8-B924-B7EE3910E721}.Release|x86.ActiveCfg = Release|Any CPU
		{A853A439-AD83-48F8-B924-B7EE3910E721}.Release|x86.Build.0 = Release|Any CPU
		{A853A439-AD83-48F8-B924-B7EE3910E721}.ReleaseStaticLib|Any CPU.ActiveCfg = Release|Any CPU
		{A853A439-AD83-48F8-B924-B7EE3910E721}.ReleaseStaticLib|Any CPU.Build.0 = Release|Any CPU
		{A853A439-AD83-48F8-B924-B7EE3910E721}.ReleaseStaticLib|x64.ActiveCfg = Release|Any CPU
		{A853A439-AD83-48F8-B924-B7EE3910E721}.ReleaseStaticLib|x64.Build.0 = Release|Any CPU
		{A853A439-AD83-48F8-B924-B7EE3910E721}.ReleaseStaticLib|x86.ActiveCfg = Release|Any CPU
		{A853A439-AD83-48F8-B924-B7EE3910E721}.ReleaseStaticLib|x86.Build.0 = Release|Any CPU
		{8C2331F3-4722-434C-98C2-46582E562279}.Debug|Any CPU.ActiveCfg = Debug|Any CPU
		{8C2331F3-4722-434C-98C2-46582E562279}.Debug|Any CPU.Build.0 = Debug|Any CPU
		{8C2331F3-4722-434C-98C2-46582E562279}.Debug|x64.ActiveCfg = Debug|Any CPU
		{8C2331F3-4722-434C-98C2-46582E562279}.Debug|x64.Build.0 = Debug|Any CPU
		{8C2331F3-4722-434C-98C2-46582E562279}.Debug|x86.ActiveCfg = Debug|Any CPU
		{8C2331F3-4722-434C-98C2-46582E562279}.Debug|x86.Build.0 = Debug|Any CPU
		{8C2331F3-4722-434C-98C2-46582E562279}.Release|Any CPU.ActiveCfg = Release|Any CPU
		{8C2331F3-4722-434C-98C2-46582E562279}.Release|Any CPU.Build.0 = Release|Any CPU
		{8C2331F3-4722-434C-98C2-46582E562279}.Release|x64.ActiveCfg = Release|Any CPU
		{8C2331F3-4722-434C-98C2-46582E562279}.Release|x64.Build.0 = Release|Any CPU
		{8C2331F3-4722-434C-98C2-46582E562279}.Release|x86.ActiveCfg = Release|Any CPU
		{8C2331F3-4722-434C-98C2-46582E562279}.Release|x86.Build.0 = Release|Any CPU
		{8C2331F3-4722-434C-98C2-46582E562279}.ReleaseStaticLib|Any CPU.ActiveCfg = Release|Any CPU
		{8C2331F3-4722-434C-98C2-46582E562279}.ReleaseStaticLib|Any CPU.Build.0 = Release|Any CPU
		{8C2331F3-4722-434C-98C2-46582E562279}.ReleaseStaticLib|x64.ActiveCfg = Release|Any CPU
		{8C2331F3-4722-434C-98C2-46582E562279}.ReleaseStaticLib|x64.Build.0 = Release|Any CPU
		{8C2331F3-4722-434C-98C2-46582E562279}.ReleaseStaticLib|x86.ActiveCfg = Release|Any CPU
		{8C2331F3-4722-434C-98C2-46582E562279}.ReleaseStaticLib|x86.Build.0 = Release|Any CPU
		{DF5E31FD-A162-4053-B7C6-50C196CF60E3}.Debug|Any CPU.ActiveCfg = Debug|Any CPU
		{DF5E31FD-A162-4053-B7C6-50C196CF60E3}.Debug|Any CPU.Build.0 = Debug|Any CPU
		{DF5E31FD-A162-4053-B7C6-50C196CF60E3}.Debug|x64.ActiveCfg = Debug|Any CPU
		{DF5E31FD-A162-4053-B7C6-50C196CF60E3}.Debug|x64.Build.0 = Debug|Any CPU
		{DF5E31FD-A162-4053-B7C6-50C196CF60E3}.Debug|x86.ActiveCfg = Debug|Any CPU
		{DF5E31FD-A162-4053-B7C6-50C196CF60E3}.Debug|x86.Build.0 = Debug|Any CPU
		{DF5E31FD-A162-4053-B7C6-50C196CF60E3}.Release|Any CPU.ActiveCfg = Release|Any CPU
		{DF5E31FD-A162-4053-B7C6-50C196CF60E3}.Release|Any CPU.Build.0 = Release|Any CPU
		{DF5E31FD-A162-4053-B7C6-50C196CF60E3}.Release|x64.ActiveCfg = Release|Any CPU
		{DF5E31FD-A162-4053-B7C6-50C196CF60E3}.Release|x64.Build.0 = Release|Any CPU
		{DF5E31FD-A162-4053-B7C6-50C196CF60E3}.Release|x86.ActiveCfg = Release|Any CPU
		{DF5E31FD-A162-4053-B7C6-50C196CF60E3}.Release|x86.Build.0 = Release|Any CPU
		{DF5E31FD-A162-4053-B7C6-50C196CF60E3}.ReleaseStaticLib|Any CPU.ActiveCfg = Release|Any CPU
		{DF5E31FD-A162-4053-B7C6-50C196CF60E3}.ReleaseStaticLib|Any CPU.Build.0 = Release|Any CPU
		{DF5E31FD-A162-4053-B7C6-50C196CF60E3}.ReleaseStaticLib|x64.ActiveCfg = Release|Any CPU
		{DF5E31FD-A162-4053-B7C6-50C196CF60E3}.ReleaseStaticLib|x64.Build.0 = Release|Any CPU
		{DF5E31FD-A162-4053-B7C6-50C196CF60E3}.ReleaseStaticLib|x86.ActiveCfg = Release|Any CPU
		{DF5E31FD-A162-4053-B7C6-50C196CF60E3}.ReleaseStaticLib|x86.Build.0 = Release|Any CPU
		{5AE1030C-3AF8-48A6-8028-7A2B3E60ECAF}.Debug|Any CPU.ActiveCfg = Debug|Win32
		{5AE1030C-3AF8-48A6-8028-7A2B3E60ECAF}.Debug|x64.ActiveCfg = Debug|x64
		{5AE1030C-3AF8-48A6-8028-7A2B3E60ECAF}.Debug|x64.Build.0 = Debug|x64
		{5AE1030C-3AF8-48A6-8028-7A2B3E60ECAF}.Debug|x86.ActiveCfg = Debug|Win32
		{5AE1030C-3AF8-48A6-8028-7A2B3E60ECAF}.Debug|x86.Build.0 = Debug|Win32
		{5AE1030C-3AF8-48A6-8028-7A2B3E60ECAF}.Release|Any CPU.ActiveCfg = Release|Win32
		{5AE1030C-3AF8-48A6-8028-7A2B3E60ECAF}.Release|x64.ActiveCfg = Release|x64
		{5AE1030C-3AF8-48A6-8028-7A2B3E60ECAF}.Release|x64.Build.0 = Release|x64
		{5AE1030C-3AF8-48A6-8028-7A2B3E60ECAF}.Release|x86.ActiveCfg = Release|Win32
		{5AE1030C-3AF8-48A6-8028-7A2B3E60ECAF}.Release|x86.Build.0 = Release|Win32
		{5AE1030C-3AF8-48A6-8028-7A2B3E60ECAF}.ReleaseStaticLib|Any CPU.ActiveCfg = ReleaseStaticLib|Win32
		{5AE1030C-3AF8-48A6-8028-7A2B3E60ECAF}.ReleaseStaticLib|x64.ActiveCfg = ReleaseStaticLib|x64
		{5AE1030C-3AF8-48A6-8028-7A2B3E60ECAF}.ReleaseStaticLib|x64.Build.0 = ReleaseStaticLib|x64
		{5AE1030C-3AF8-48A6-8028-7A2B3E60ECAF}.ReleaseStaticLib|x86.ActiveCfg = ReleaseStaticLib|Win32
		{5AE1030C-3AF8-48A6-8028-7A2B3E60ECAF}.ReleaseStaticLib|x86.Build.0 = ReleaseStaticLib|Win32
		{DB93C3EC-5696-44F1-8DD8-DB3878F8E2C5}.Debug|Any CPU.ActiveCfg = Debug|Any CPU
		{DB93C3EC-5696-44F1-8DD8-DB3878F8E2C5}.Debug|Any CPU.Build.0 = Debug|Any CPU
		{DB93C3EC-5696-44F1-8DD8-DB3878F8E2C5}.Debug|x64.ActiveCfg = Debug|Any CPU
		{DB93C3EC-5696-44F1-8DD8-DB3878F8E2C5}.Debug|x64.Build.0 = Debug|Any CPU
		{DB93C3EC-5696-44F1-8DD8-DB3878F8E2C5}.Debug|x86.ActiveCfg = Debug|Any CPU
		{DB93C3EC-5696-44F1-8DD8-DB3878F8E2C5}.Debug|x86.Build.0 = Debug|Any CPU
		{DB93C3EC-5696-44F1-8DD8-DB3878F8E2C5}.Release|Any CPU.ActiveCfg = Release|Any CPU
		{DB93C3EC-5696-44F1-8DD8-DB3878F8E2C5}.Release|Any CPU.Build.0 = Release|Any CPU
		{DB93C3EC-5696-44F1-8DD8-DB3878F8E2C5}.Release|x64.ActiveCfg = Release|Any CPU
		{DB93C3EC-5696-44F1-8DD8-DB3878F8E2C5}.Release|x64.Build.0 = Release|Any CPU
		{DB93C3EC-5696-44F1-8DD8-DB3878F8E2C5}.Release|x86.ActiveCfg = Release|Any CPU
		{DB93C3EC-5696-44F1-8DD8-DB3878F8E2C5}.Release|x86.Build.0 = Release|Any CPU
		{DB93C3EC-5696-44F1-8DD8-DB3878F8E2C5}.ReleaseStaticLib|Any CPU.ActiveCfg = Release|Any CPU
		{DB93C3EC-5696-44F1-8DD8-DB3878F8E2C5}.ReleaseStaticLib|Any CPU.Build.0 = Release|Any CPU
		{DB93C3EC-5696-44F1-8DD8-DB3878F8E2C5}.ReleaseStaticLib|x64.ActiveCfg = Release|Any CPU
		{DB93C3EC-5696-44F1-8DD8-DB3878F8E2C5}.ReleaseStaticLib|x64.Build.0 = Release|Any CPU
		{DB93C3EC-5696-44F1-8DD8-DB3878F8E2C5}.ReleaseStaticLib|x86.ActiveCfg = Release|Any CPU
		{DB93C3EC-5696-44F1-8DD8-DB3878F8E2C5}.ReleaseStaticLib|x86.Build.0 = Release|Any CPU
	EndGlobalSection
	GlobalSection(SolutionProperties) = preSolution
		HideSolutionNode = FALSE
	EndGlobalSection
	GlobalSection(ExtensibilityGlobals) = postSolution
		SolutionGuid = {DC3D5311-37A2-44C1-90E8-86A268A99F35}
	EndGlobalSection
EndGlobal
