
Microsoft Visual Studio Solution File, Format Version 12.00
# Visual Studio Version 17
VisualStudioVersion = 17.0.31612.314
MinimumVisualStudioVersion = 10.0.40219.1
Project("{9A19103F-16F7-4668-BE54-9A1E7A4F7556}") = "ProfileExplorerUI", "ProfileExplorerUI\ProfileExplorerUI.csproj", "{23169CA2-2157-4978-A8AF-CF360540F467}"
EndProject
Project("{2150E333-8FDC-42A3-9474-1A3956D46DE8}") = "Clients", "Clients", "{11DEE166-9224-42F9-92C6-A6447A90C31B}"
EndProject
Project("{2150E333-8FDC-42A3-9474-1A3956D46DE8}") = "External", "External", "{9A2F89BD-58B1-4E31-A0CF-F4D3AFB3F02B}"
EndProject
Project("{9A19103F-16F7-4668-BE54-9A1E7A4F7556}") = "ProfileExplorerCore", "ProfileExplorerCore\ProfileExplorerCore.csproj", "{F73AD42A-5BD3-45B7-B915-7584F4588F55}"
EndProject
Project("{FAE04EC0-301F-11D3-BF4B-00C04F79EFBC}") = "VSExtension", "VSExtension\VSExtension.csproj", "{DF5E31FD-A162-4053-B7C6-50C196CF60E3}"
EndProject
Project("{9A19103F-16F7-4668-BE54-9A1E7A4F7556}") = "ProfileExplorerCoreTests", "ProfileExplorerCoreTests\ProfileExplorerCoreTests.csproj", "{A0006302-D1B5-4AB8-9ACE-D31A692DB3D2}"
EndProject
Project("{8BC9CEB8-8B4A-11D0-8D11-00A0C91BC942}") = "ManagedProfiler", "ManagedProfiler\ManagedProfiler.vcxproj", "{08DED710-2048-45C3-90F9-0D585263796D}"
EndProject
Project("{9A19103F-16F7-4668-BE54-9A1E7A4F7556}") = "TreeListView", "external\TreeListView\TreeListView.csproj", "{05BD7808-EE6F-4139-903C-758A97B122A9}"
EndProject
Project("{FAE04EC0-301F-11D3-BF4B-00C04F79EFBC}") = "ProfileExplorerUITests", "ProfileExplorerUITests\ProfileExplorerUITests.csproj", "{8449AD82-6B34-4635-A502-7FA26DDF1BAF}"
EndProject
Project("{FAE04EC0-301F-11D3-BF4B-00C04F79EFBC}") = "GrpcLib", "GrpcLib\GrpcLib.csproj", "{DA5B7FDA-6DE4-4B11-AF93-E785E1DF56A0}"
EndProject
Project("{FAE04EC0-301F-11D3-BF4B-00C04F79EFBC}") = "PDBViewer", "PDBViewer\PDBViewer.csproj", "{669B5EBC-A5D6-4CEC-B3DB-6DA7D0CA7B79}"
	ProjectSection(ProjectDependencies) = postProject
		{F73AD42A-5BD3-45B7-B915-7584F4588F55} = {F73AD42A-5BD3-45B7-B915-7584F4588F55}
	EndProjectSection
EndProject
Project("{FAE04EC0-301F-11D3-BF4B-00C04F79EFBC}") = "ProfileExplorerCore2", "ProfileExplorerCore2\ProfileExplorerCore2.csproj", "{9AEAA725-5DB2-491B-BA23-24DA177EB384}"
EndProject
Global
	GlobalSection(SolutionConfigurationPlatforms) = preSolution
		Debug|Any CPU = Debug|Any CPU
		Debug|ARM64 = Debug|ARM64
		Debug|x64 = Debug|x64
		Debug|x86 = Debug|x86
		Release|Any CPU = Release|Any CPU
		Release|ARM64 = Release|ARM64
		Release|x64 = Release|x64
		Release|x86 = Release|x86
	EndGlobalSection
	GlobalSection(ProjectConfigurationPlatforms) = postSolution
		{23169CA2-2157-4978-A8AF-CF360540F467}.Debug|Any CPU.ActiveCfg = Debug|Any CPU
		{23169CA2-2157-4978-A8AF-CF360540F467}.Debug|Any CPU.Build.0 = Debug|Any CPU
		{23169CA2-2157-4978-A8AF-CF360540F467}.Debug|ARM64.ActiveCfg = Debug|Any CPU
		{23169CA2-2157-4978-A8AF-CF360540F467}.Debug|ARM64.Build.0 = Debug|Any CPU
		{23169CA2-2157-4978-A8AF-CF360540F467}.Debug|x64.ActiveCfg = Debug|Any CPU
		{23169CA2-2157-4978-A8AF-CF360540F467}.Debug|x64.Build.0 = Debug|Any CPU
		{23169CA2-2157-4978-A8AF-CF360540F467}.Debug|x86.ActiveCfg = Debug|Any CPU
		{23169CA2-2157-4978-A8AF-CF360540F467}.Debug|x86.Build.0 = Debug|Any CPU
		{23169CA2-2157-4978-A8AF-CF360540F467}.Release|Any CPU.ActiveCfg = Release|Any CPU
		{23169CA2-2157-4978-A8AF-CF360540F467}.Release|Any CPU.Build.0 = Release|Any CPU
		{23169CA2-2157-4978-A8AF-CF360540F467}.Release|ARM64.ActiveCfg = Release|ARM64
		{23169CA2-2157-4978-A8AF-CF360540F467}.Release|ARM64.Build.0 = Release|ARM64
		{23169CA2-2157-4978-A8AF-CF360540F467}.Release|x64.ActiveCfg = Release|Any CPU
		{23169CA2-2157-4978-A8AF-CF360540F467}.Release|x64.Build.0 = Release|Any CPU
		{23169CA2-2157-4978-A8AF-CF360540F467}.Release|x86.ActiveCfg = Release|Any CPU
		{23169CA2-2157-4978-A8AF-CF360540F467}.Release|x86.Build.0 = Release|Any CPU
		{F73AD42A-5BD3-45B7-B915-7584F4588F55}.Debug|Any CPU.ActiveCfg = Debug|Any CPU
		{F73AD42A-5BD3-45B7-B915-7584F4588F55}.Debug|Any CPU.Build.0 = Debug|Any CPU
		{F73AD42A-5BD3-45B7-B915-7584F4588F55}.Debug|ARM64.ActiveCfg = Debug|Any CPU
		{F73AD42A-5BD3-45B7-B915-7584F4588F55}.Debug|ARM64.Build.0 = Debug|Any CPU
		{F73AD42A-5BD3-45B7-B915-7584F4588F55}.Debug|x64.ActiveCfg = Debug|Any CPU
		{F73AD42A-5BD3-45B7-B915-7584F4588F55}.Debug|x64.Build.0 = Debug|Any CPU
		{F73AD42A-5BD3-45B7-B915-7584F4588F55}.Debug|x86.ActiveCfg = Debug|Any CPU
		{F73AD42A-5BD3-45B7-B915-7584F4588F55}.Debug|x86.Build.0 = Debug|Any CPU
		{F73AD42A-5BD3-45B7-B915-7584F4588F55}.Release|Any CPU.ActiveCfg = Release|Any CPU
		{F73AD42A-5BD3-45B7-B915-7584F4588F55}.Release|Any CPU.Build.0 = Release|Any CPU
		{F73AD42A-5BD3-45B7-B915-7584F4588F55}.Release|ARM64.ActiveCfg = Release|Any CPU
		{F73AD42A-5BD3-45B7-B915-7584F4588F55}.Release|ARM64.Build.0 = Release|Any CPU
		{F73AD42A-5BD3-45B7-B915-7584F4588F55}.Release|x64.ActiveCfg = Release|Any CPU
		{F73AD42A-5BD3-45B7-B915-7584F4588F55}.Release|x64.Build.0 = Release|Any CPU
		{F73AD42A-5BD3-45B7-B915-7584F4588F55}.Release|x86.ActiveCfg = Release|Any CPU
		{F73AD42A-5BD3-45B7-B915-7584F4588F55}.Release|x86.Build.0 = Release|Any CPU
		{DF5E31FD-A162-4053-B7C6-50C196CF60E3}.Debug|Any CPU.ActiveCfg = Debug|Any CPU
		{DF5E31FD-A162-4053-B7C6-50C196CF60E3}.Debug|Any CPU.Build.0 = Debug|Any CPU
		{DF5E31FD-A162-4053-B7C6-50C196CF60E3}.Debug|ARM64.ActiveCfg = Debug|Any CPU
		{DF5E31FD-A162-4053-B7C6-50C196CF60E3}.Debug|ARM64.Build.0 = Debug|Any CPU
		{DF5E31FD-A162-4053-B7C6-50C196CF60E3}.Debug|x64.ActiveCfg = Debug|Any CPU
		{DF5E31FD-A162-4053-B7C6-50C196CF60E3}.Debug|x64.Build.0 = Debug|Any CPU
		{DF5E31FD-A162-4053-B7C6-50C196CF60E3}.Debug|x86.ActiveCfg = Debug|x86
		{DF5E31FD-A162-4053-B7C6-50C196CF60E3}.Debug|x86.Build.0 = Debug|x86
		{DF5E31FD-A162-4053-B7C6-50C196CF60E3}.Release|Any CPU.ActiveCfg = Release|Any CPU
		{DF5E31FD-A162-4053-B7C6-50C196CF60E3}.Release|Any CPU.Build.0 = Release|Any CPU
		{DF5E31FD-A162-4053-B7C6-50C196CF60E3}.Release|ARM64.ActiveCfg = Release|Any CPU
		{DF5E31FD-A162-4053-B7C6-50C196CF60E3}.Release|ARM64.Build.0 = Release|Any CPU
		{DF5E31FD-A162-4053-B7C6-50C196CF60E3}.Release|x64.ActiveCfg = Release|Any CPU
		{DF5E31FD-A162-4053-B7C6-50C196CF60E3}.Release|x64.Build.0 = Release|Any CPU
		{DF5E31FD-A162-4053-B7C6-50C196CF60E3}.Release|x86.ActiveCfg = Release|x86
		{DF5E31FD-A162-4053-B7C6-50C196CF60E3}.Release|x86.Build.0 = Release|x86
		{A0006302-D1B5-4AB8-9ACE-D31A692DB3D2}.Debug|Any CPU.ActiveCfg = Debug|Any CPU
		{A0006302-D1B5-4AB8-9ACE-D31A692DB3D2}.Debug|Any CPU.Build.0 = Debug|Any CPU
		{A0006302-D1B5-4AB8-9ACE-D31A692DB3D2}.Debug|ARM64.ActiveCfg = Debug|Any CPU
		{A0006302-D1B5-4AB8-9ACE-D31A692DB3D2}.Debug|ARM64.Build.0 = Debug|Any CPU
		{A0006302-D1B5-4AB8-9ACE-D31A692DB3D2}.Debug|x64.ActiveCfg = Debug|Any CPU
		{A0006302-D1B5-4AB8-9ACE-D31A692DB3D2}.Debug|x64.Build.0 = Debug|Any CPU
		{A0006302-D1B5-4AB8-9ACE-D31A692DB3D2}.Debug|x86.ActiveCfg = Debug|Any CPU
		{A0006302-D1B5-4AB8-9ACE-D31A692DB3D2}.Debug|x86.Build.0 = Debug|Any CPU
		{A0006302-D1B5-4AB8-9ACE-D31A692DB3D2}.Release|Any CPU.ActiveCfg = Release|Any CPU
		{A0006302-D1B5-4AB8-9ACE-D31A692DB3D2}.Release|Any CPU.Build.0 = Release|Any CPU
		{A0006302-D1B5-4AB8-9ACE-D31A692DB3D2}.Release|ARM64.ActiveCfg = Release|Any CPU
		{A0006302-D1B5-4AB8-9ACE-D31A692DB3D2}.Release|ARM64.Build.0 = Release|Any CPU
		{A0006302-D1B5-4AB8-9ACE-D31A692DB3D2}.Release|x64.ActiveCfg = Release|Any CPU
		{A0006302-D1B5-4AB8-9ACE-D31A692DB3D2}.Release|x64.Build.0 = Release|Any CPU
		{A0006302-D1B5-4AB8-9ACE-D31A692DB3D2}.Release|x86.ActiveCfg = Release|Any CPU
		{A0006302-D1B5-4AB8-9ACE-D31A692DB3D2}.Release|x86.Build.0 = Release|Any CPU
		{08DED710-2048-45C3-90F9-0D585263796D}.Debug|Any CPU.ActiveCfg = Debug|x64
		{08DED710-2048-45C3-90F9-0D585263796D}.Debug|Any CPU.Build.0 = Debug|x64
		{08DED710-2048-45C3-90F9-0D585263796D}.Debug|ARM64.ActiveCfg = Debug|ARM64
		{08DED710-2048-45C3-90F9-0D585263796D}.Debug|ARM64.Build.0 = Debug|ARM64
		{08DED710-2048-45C3-90F9-0D585263796D}.Debug|x64.ActiveCfg = Debug|x64
		{08DED710-2048-45C3-90F9-0D585263796D}.Debug|x64.Build.0 = Debug|x64
		{08DED710-2048-45C3-90F9-0D585263796D}.Debug|x86.ActiveCfg = Debug|Win32
		{08DED710-2048-45C3-90F9-0D585263796D}.Debug|x86.Build.0 = Debug|Win32
		{08DED710-2048-45C3-90F9-0D585263796D}.Release|Any CPU.ActiveCfg = Release|x64
		{08DED710-2048-45C3-90F9-0D585263796D}.Release|Any CPU.Build.0 = Release|x64
		{08DED710-2048-45C3-90F9-0D585263796D}.Release|ARM64.ActiveCfg = Release|ARM64
		{08DED710-2048-45C3-90F9-0D585263796D}.Release|ARM64.Build.0 = Release|ARM64
		{08DED710-2048-45C3-90F9-0D585263796D}.Release|x64.ActiveCfg = Release|x64
		{08DED710-2048-45C3-90F9-0D585263796D}.Release|x64.Build.0 = Release|x64
		{08DED710-2048-45C3-90F9-0D585263796D}.Release|x86.ActiveCfg = Release|Win32
		{08DED710-2048-45C3-90F9-0D585263796D}.Release|x86.Build.0 = Release|Win32
		{05BD7808-EE6F-4139-903C-758A97B122A9}.Debug|Any CPU.ActiveCfg = Debug|Any CPU
		{05BD7808-EE6F-4139-903C-758A97B122A9}.Debug|Any CPU.Build.0 = Debug|Any CPU
		{05BD7808-EE6F-4139-903C-758A97B122A9}.Debug|ARM64.ActiveCfg = Debug|Any CPU
		{05BD7808-EE6F-4139-903C-758A97B122A9}.Debug|ARM64.Build.0 = Debug|Any CPU
		{05BD7808-EE6F-4139-903C-758A97B122A9}.Debug|x64.ActiveCfg = Debug|Any CPU
		{05BD7808-EE6F-4139-903C-758A97B122A9}.Debug|x64.Build.0 = Debug|Any CPU
		{05BD7808-EE6F-4139-903C-758A97B122A9}.Debug|x86.ActiveCfg = Debug|Any CPU
		{05BD7808-EE6F-4139-903C-758A97B122A9}.Debug|x86.Build.0 = Debug|Any CPU
		{05BD7808-EE6F-4139-903C-758A97B122A9}.Release|Any CPU.ActiveCfg = Release|Any CPU
		{05BD7808-EE6F-4139-903C-758A97B122A9}.Release|Any CPU.Build.0 = Release|Any CPU
		{05BD7808-EE6F-4139-903C-758A97B122A9}.Release|ARM64.ActiveCfg = Release|Any CPU
		{05BD7808-EE6F-4139-903C-758A97B122A9}.Release|ARM64.Build.0 = Release|Any CPU
		{05BD7808-EE6F-4139-903C-758A97B122A9}.Release|x64.ActiveCfg = Release|Any CPU
		{05BD7808-EE6F-4139-903C-758A97B122A9}.Release|x64.Build.0 = Release|Any CPU
		{05BD7808-EE6F-4139-903C-758A97B122A9}.Release|x86.ActiveCfg = Release|Any CPU
		{05BD7808-EE6F-4139-903C-758A97B122A9}.Release|x86.Build.0 = Release|Any CPU
		{8449AD82-6B34-4635-A502-7FA26DDF1BAF}.Debug|Any CPU.ActiveCfg = Debug|Any CPU
		{8449AD82-6B34-4635-A502-7FA26DDF1BAF}.Debug|Any CPU.Build.0 = Debug|Any CPU
		{8449AD82-6B34-4635-A502-7FA26DDF1BAF}.Debug|ARM64.ActiveCfg = Debug|Any CPU
		{8449AD82-6B34-4635-A502-7FA26DDF1BAF}.Debug|ARM64.Build.0 = Debug|Any CPU
		{8449AD82-6B34-4635-A502-7FA26DDF1BAF}.Debug|x64.ActiveCfg = Debug|Any CPU
		{8449AD82-6B34-4635-A502-7FA26DDF1BAF}.Debug|x64.Build.0 = Debug|Any CPU
		{8449AD82-6B34-4635-A502-7FA26DDF1BAF}.Debug|x86.ActiveCfg = Debug|Any CPU
		{8449AD82-6B34-4635-A502-7FA26DDF1BAF}.Debug|x86.Build.0 = Debug|Any CPU
		{8449AD82-6B34-4635-A502-7FA26DDF1BAF}.Release|Any CPU.ActiveCfg = Release|Any CPU
		{8449AD82-6B34-4635-A502-7FA26DDF1BAF}.Release|Any CPU.Build.0 = Release|Any CPU
		{8449AD82-6B34-4635-A502-7FA26DDF1BAF}.Release|ARM64.ActiveCfg = Release|Any CPU
		{8449AD82-6B34-4635-A502-7FA26DDF1BAF}.Release|ARM64.Build.0 = Release|Any CPU
		{8449AD82-6B34-4635-A502-7FA26DDF1BAF}.Release|x64.ActiveCfg = Release|Any CPU
		{8449AD82-6B34-4635-A502-7FA26DDF1BAF}.Release|x64.Build.0 = Release|Any CPU
		{8449AD82-6B34-4635-A502-7FA26DDF1BAF}.Release|x86.ActiveCfg = Release|Any CPU
		{8449AD82-6B34-4635-A502-7FA26DDF1BAF}.Release|x86.Build.0 = Release|Any CPU
		{DA5B7FDA-6DE4-4B11-AF93-E785E1DF56A0}.Debug|Any CPU.ActiveCfg = Debug|Any CPU
		{DA5B7FDA-6DE4-4B11-AF93-E785E1DF56A0}.Debug|Any CPU.Build.0 = Debug|Any CPU
		{DA5B7FDA-6DE4-4B11-AF93-E785E1DF56A0}.Debug|ARM64.ActiveCfg = Debug|Any CPU
		{DA5B7FDA-6DE4-4B11-AF93-E785E1DF56A0}.Debug|ARM64.Build.0 = Debug|Any CPU
		{DA5B7FDA-6DE4-4B11-AF93-E785E1DF56A0}.Debug|x64.ActiveCfg = Debug|Any CPU
		{DA5B7FDA-6DE4-4B11-AF93-E785E1DF56A0}.Debug|x64.Build.0 = Debug|Any CPU
		{DA5B7FDA-6DE4-4B11-AF93-E785E1DF56A0}.Debug|x86.ActiveCfg = Debug|Any CPU
		{DA5B7FDA-6DE4-4B11-AF93-E785E1DF56A0}.Debug|x86.Build.0 = Debug|Any CPU
		{DA5B7FDA-6DE4-4B11-AF93-E785E1DF56A0}.Release|Any CPU.ActiveCfg = Release|Any CPU
		{DA5B7FDA-6DE4-4B11-AF93-E785E1DF56A0}.Release|Any CPU.Build.0 = Release|Any CPU
		{DA5B7FDA-6DE4-4B11-AF93-E785E1DF56A0}.Release|ARM64.ActiveCfg = Release|Any CPU
		{DA5B7FDA-6DE4-4B11-AF93-E785E1DF56A0}.Release|ARM64.Build.0 = Release|Any CPU
		{DA5B7FDA-6DE4-4B11-AF93-E785E1DF56A0}.Release|x64.ActiveCfg = Release|Any CPU
		{DA5B7FDA-6DE4-4B11-AF93-E785E1DF56A0}.Release|x64.Build.0 = Release|Any CPU
		{DA5B7FDA-6DE4-4B11-AF93-E785E1DF56A0}.Release|x86.ActiveCfg = Release|Any CPU
		{DA5B7FDA-6DE4-4B11-AF93-E785E1DF56A0}.Release|x86.Build.0 = Release|Any CPU
		{669B5EBC-A5D6-4CEC-B3DB-6DA7D0CA7B79}.Debug|Any CPU.ActiveCfg = Debug|Any CPU
		{669B5EBC-A5D6-4CEC-B3DB-6DA7D0CA7B79}.Debug|Any CPU.Build.0 = Debug|Any CPU
		{669B5EBC-A5D6-4CEC-B3DB-6DA7D0CA7B79}.Debug|ARM64.ActiveCfg = Debug|Any CPU
		{669B5EBC-A5D6-4CEC-B3DB-6DA7D0CA7B79}.Debug|ARM64.Build.0 = Debug|Any CPU
		{669B5EBC-A5D6-4CEC-B3DB-6DA7D0CA7B79}.Debug|x64.ActiveCfg = Debug|Any CPU
		{669B5EBC-A5D6-4CEC-B3DB-6DA7D0CA7B79}.Debug|x64.Build.0 = Debug|Any CPU
		{669B5EBC-A5D6-4CEC-B3DB-6DA7D0CA7B79}.Debug|x86.ActiveCfg = Debug|Any CPU
		{669B5EBC-A5D6-4CEC-B3DB-6DA7D0CA7B79}.Debug|x86.Build.0 = Debug|Any CPU
		{669B5EBC-A5D6-4CEC-B3DB-6DA7D0CA7B79}.Release|Any CPU.ActiveCfg = Release|Any CPU
		{669B5EBC-A5D6-4CEC-B3DB-6DA7D0CA7B79}.Release|Any CPU.Build.0 = Release|Any CPU
		{669B5EBC-A5D6-4CEC-B3DB-6DA7D0CA7B79}.Release|ARM64.ActiveCfg = Release|Any CPU
		{669B5EBC-A5D6-4CEC-B3DB-6DA7D0CA7B79}.Release|ARM64.Build.0 = Release|Any CPU
		{669B5EBC-A5D6-4CEC-B3DB-6DA7D0CA7B79}.Release|x64.ActiveCfg = Release|Any CPU
		{669B5EBC-A5D6-4CEC-B3DB-6DA7D0CA7B79}.Release|x64.Build.0 = Release|Any CPU
		{669B5EBC-A5D6-4CEC-B3DB-6DA7D0CA7B79}.Release|x86.ActiveCfg = Release|Any CPU
		{669B5EBC-A5D6-4CEC-B3DB-6DA7D0CA7B79}.Release|x86.Build.0 = Release|Any CPU
		{9AEAA725-5DB2-491B-BA23-24DA177EB384}.Debug|Any CPU.ActiveCfg = Debug|Any CPU
		{9AEAA725-5DB2-491B-BA23-24DA177EB384}.Debug|Any CPU.Build.0 = Debug|Any CPU
		{9AEAA725-5DB2-491B-BA23-24DA177EB384}.Debug|ARM64.ActiveCfg = Debug|Any CPU
		{9AEAA725-5DB2-491B-BA23-24DA177EB384}.Debug|ARM64.Build.0 = Debug|Any CPU
		{9AEAA725-5DB2-491B-BA23-24DA177EB384}.Debug|x64.ActiveCfg = Debug|Any CPU
		{9AEAA725-5DB2-491B-BA23-24DA177EB384}.Debug|x64.Build.0 = Debug|Any CPU
		{9AEAA725-5DB2-491B-BA23-24DA177EB384}.Debug|x86.ActiveCfg = Debug|Any CPU
		{9AEAA725-5DB2-491B-BA23-24DA177EB384}.Debug|x86.Build.0 = Debug|Any CPU
		{9AEAA725-5DB2-491B-BA23-24DA177EB384}.Release|Any CPU.ActiveCfg = Release|Any CPU
		{9AEAA725-5DB2-491B-BA23-24DA177EB384}.Release|Any CPU.Build.0 = Release|Any CPU
		{9AEAA725-5DB2-491B-BA23-24DA177EB384}.Release|ARM64.ActiveCfg = Release|Any CPU
		{9AEAA725-5DB2-491B-BA23-24DA177EB384}.Release|ARM64.Build.0 = Release|Any CPU
		{9AEAA725-5DB2-491B-BA23-24DA177EB384}.Release|x64.ActiveCfg = Release|Any CPU
		{9AEAA725-5DB2-491B-BA23-24DA177EB384}.Release|x64.Build.0 = Release|Any CPU
		{9AEAA725-5DB2-491B-BA23-24DA177EB384}.Release|x86.ActiveCfg = Release|Any CPU
		{9AEAA725-5DB2-491B-BA23-24DA177EB384}.Release|x86.Build.0 = Release|Any CPU
	EndGlobalSection
	GlobalSection(SolutionProperties) = preSolution
		HideSolutionNode = FALSE
	EndGlobalSection
	GlobalSection(NestedProjects) = preSolution
		{23169CA2-2157-4978-A8AF-CF360540F467} = {11DEE166-9224-42F9-92C6-A6447A90C31B}
		{DF5E31FD-A162-4053-B7C6-50C196CF60E3} = {11DEE166-9224-42F9-92C6-A6447A90C31B}
		{05BD7808-EE6F-4139-903C-758A97B122A9} = {9A2F89BD-58B1-4E31-A0CF-F4D3AFB3F02B}
		{8449AD82-6B34-4635-A502-7FA26DDF1BAF} = {11DEE166-9224-42F9-92C6-A6447A90C31B}
	EndGlobalSection
	GlobalSection(ExtensibilityGlobals) = postSolution
		SolutionGuid = {DC3D5311-37A2-44C1-90E8-86A268A99F35}
	EndGlobalSection
EndGlobal
